// !$*UTF8*$!
{
	archiveVersion = 1;
	classes = {
	};
	objectVersion = 48;
	objects = {

/* Begin PBXBuildFile section */
		11A9F2091F9435A00034CC7B /* LoginViewController.swift in Sources */ = {isa = PBXBuildFile; fileRef = 11A9F2081F9435A00034CC7B /* LoginViewController.swift */; };
		11A9F20E1F9435C90034CC7B /* SignUpViewController.swift in Sources */ = {isa = PBXBuildFile; fileRef = 11A9F20D1F9435C90034CC7B /* SignUpViewController.swift */; };
		11A9F2101F943F140034CC7B /* Client.swift in Sources */ = {isa = PBXBuildFile; fileRef = 11A9F20F1F943F140034CC7B /* Client.swift */; };
		11C1B3941FA2B44E003BDAF2 /* SanityTests.swift in Sources */ = {isa = PBXBuildFile; fileRef = 11C1B3931FA2B44E003BDAF2 /* SanityTests.swift */; };
		3109394B701A50D4B0D2B3D6 /* Pods_Sanity.framework in Frameworks */ = {isa = PBXBuildFile; fileRef = 2C9E70546F984C2E4390AFA2 /* Pods_Sanity.framework */; };
		34AF9E341F94AFC8005DF644 /* BigBudgetVariables.swift in Sources */ = {isa = PBXBuildFile; fileRef = 34AF9E331F94AFC8005DF644 /* BigBudgetVariables.swift */; };
		34AF9E391F94B014005DF644 /* MyBigBudget+CoreDataClass.swift in Sources */ = {isa = PBXBuildFile; fileRef = 34AF9E381F94B014005DF644 /* MyBigBudget+CoreDataClass.swift */; };
		34AF9E3B1F94B032005DF644 /* MyBigBudget+CoreDataProperties.swift in Sources */ = {isa = PBXBuildFile; fileRef = 34AF9E3A1F94B032005DF644 /* MyBigBudget+CoreDataProperties.swift */; };
		34AF9E3D1F94B06A005DF644 /* BigBudgetListViewController.swift in Sources */ = {isa = PBXBuildFile; fileRef = 34AF9E3C1F94B06A005DF644 /* BigBudgetListViewController.swift */; };
		34BCE2101FBBE424001F7F20 /* SettingsViewController.swift in Sources */ = {isa = PBXBuildFile; fileRef = 34BCE20F1FBBE424001F7F20 /* SettingsViewController.swift */; };
		34D26AF51FB3105A004B9AC6 /* LocalAuthentication.framework in Frameworks */ = {isa = PBXBuildFile; fileRef = 34D26AF11FB3105A004B9AC6 /* LocalAuthentication.framework */; };
		9A0010CE1E0A0887008E7092 /* BudgetListViewController.swift in Sources */ = {isa = PBXBuildFile; fileRef = 9A0010CD1E0A0887008E7092 /* BudgetListViewController.swift */; };
		9A0010D01E0A097D008E7092 /* BudgetVariables.swift in Sources */ = {isa = PBXBuildFile; fileRef = 9A0010CF1E0A097D008E7092 /* BudgetVariables.swift */; };
		9A0010DE1E0A27DF008E7092 /* MyBudget+CoreDataClass.swift in Sources */ = {isa = PBXBuildFile; fileRef = 9A0010DC1E0A27DF008E7092 /* MyBudget+CoreDataClass.swift */; };
		9A0010DF1E0A27DF008E7092 /* MyBudget+CoreDataProperties.swift in Sources */ = {isa = PBXBuildFile; fileRef = 9A0010DD1E0A27DF008E7092 /* MyBudget+CoreDataProperties.swift */; };
		9A005ABE1E0D24F10081142A /* BarGraphViewController.swift in Sources */ = {isa = PBXBuildFile; fileRef = 9A005ABD1E0D24F10081142A /* BarGraphViewController.swift */; };
		9A09B72A1E0CB96A00D0F4A4 /* Charts.framework in Frameworks */ = {isa = PBXBuildFile; fileRef = 9A09B7291E0CB96A00D0F4A4 /* Charts.framework */; };
		9A09B72B1E0CB96A00D0F4A4 /* Charts.framework in Embed Frameworks */ = {isa = PBXBuildFile; fileRef = 9A09B7291E0CB96A00D0F4A4 /* Charts.framework */; settings = {ATTRIBUTES = (CodeSignOnCopy, RemoveHeadersOnCopy, ); }; };
		9A213F101E6A7D2D0037C182 /* Google_Maps_Night_Theme.json in Resources */ = {isa = PBXBuildFile; fileRef = 9A213F0F1E6A7D2D0037C182 /* Google_Maps_Night_Theme.json */; };
		9A27BF2B1E0A01B100146EEA /* AppDelegate.swift in Sources */ = {isa = PBXBuildFile; fileRef = 9A27BF2A1E0A01B100146EEA /* AppDelegate.swift */; };
		9A27BF2D1E0A01B100146EEA /* SpendViewController.swift in Sources */ = {isa = PBXBuildFile; fileRef = 9A27BF2C1E0A01B100146EEA /* SpendViewController.swift */; };
		9A27BF351E0A01B100146EEA /* Assets.xcassets in Resources */ = {isa = PBXBuildFile; fileRef = 9A27BF341E0A01B100146EEA /* Assets.xcassets */; };
		9A27BF381E0A01B100146EEA /* LaunchScreen.storyboard in Resources */ = {isa = PBXBuildFile; fileRef = 9A27BF361E0A01B100146EEA /* LaunchScreen.storyboard */; };
		9A27BF5C1E0A022A00146EEA /* Main.storyboard in Resources */ = {isa = PBXBuildFile; fileRef = 9A27BF5B1E0A022A00146EEA /* Main.storyboard */; };
		9AA401401E681F2B006D4D70 /* HistoryAndMapViewController.swift in Sources */ = {isa = PBXBuildFile; fileRef = 9AA4013F1E681F2B006D4D70 /* HistoryAndMapViewController.swift */; };
		9AA401431E683F95006D4D70 /* Pocket_Change.xcdatamodeld in Sources */ = {isa = PBXBuildFile; fileRef = 9AA401411E683F95006D4D70 /* Pocket_Change.xcdatamodeld */; };
		9AAE17801E0DD41100F98BEB /* PieChartViewController.swift in Sources */ = {isa = PBXBuildFile; fileRef = 9AAE177F1E0DD41100F98BEB /* PieChartViewController.swift */; };
		F6630F4830AC3FEF38ADC79A /* Pods_SanityTests.framework in Frameworks */ = {isa = PBXBuildFile; fileRef = 41308D2EDFE7B7CA7211F898 /* Pods_SanityTests.framework */; };
/* End PBXBuildFile section */

/* Begin PBXContainerItemProxy section */
		11C1B3961FA2B44E003BDAF2 /* PBXContainerItemProxy */ = {
			isa = PBXContainerItemProxy;
			containerPortal = 9A27BF1F1E0A01B100146EEA /* Project object */;
			proxyType = 1;
			remoteGlobalIDString = 9A27BF261E0A01B100146EEA;
			remoteInfo = Sanity;
		};
		34F2324B1F95CFB50020E23D /* PBXContainerItemProxy */ = {
			isa = PBXContainerItemProxy;
			containerPortal = 34F232451F95CFB50020E23D /* Charts.xcodeproj */;
			proxyType = 2;
			remoteGlobalIDString = 06165F241D8110E600722320;
			remoteInfo = Charts;
		};
		34F2324D1F95CFB50020E23D /* PBXContainerItemProxy */ = {
			isa = PBXContainerItemProxy;
			containerPortal = 34F232451F95CFB50020E23D /* Charts.xcodeproj */;
			proxyType = 2;
			remoteGlobalIDString = 06B120D51D811E6200D14B02;
			remoteInfo = ChartsRealm;
		};
		34F2324F1F95CFB50020E23D /* PBXContainerItemProxy */ = {
			isa = PBXContainerItemProxy;
			containerPortal = 34F232451F95CFB50020E23D /* Charts.xcodeproj */;
			proxyType = 2;
			remoteGlobalIDString = 06165F2E1D8110E600722320;
			remoteInfo = ChartsTests;
		};
/* End PBXContainerItemProxy section */

/* Begin PBXCopyFilesBuildPhase section */
		9A09B72C1E0CB96B00D0F4A4 /* Embed Frameworks */ = {
			isa = PBXCopyFilesBuildPhase;
			buildActionMask = 2147483647;
			dstPath = "";
			dstSubfolderSpec = 10;
			files = (
				9A09B72B1E0CB96A00D0F4A4 /* Charts.framework in Embed Frameworks */,
			);
			name = "Embed Frameworks";
			runOnlyForDeploymentPostprocessing = 0;
		};
/* End PBXCopyFilesBuildPhase section */

/* Begin PBXFileReference section */
		0DDE4B4B8E5D8F42A9370F08 /* Pods-SanityTests.release.xcconfig */ = {isa = PBXFileReference; includeInIndex = 1; lastKnownFileType = text.xcconfig; name = "Pods-SanityTests.release.xcconfig"; path = "Pods/Target Support Files/Pods-SanityTests/Pods-SanityTests.release.xcconfig"; sourceTree = "<group>"; };
		11A9F2081F9435A00034CC7B /* LoginViewController.swift */ = {isa = PBXFileReference; lastKnownFileType = sourcecode.swift; path = LoginViewController.swift; sourceTree = "<group>"; };
		11A9F20D1F9435C90034CC7B /* SignUpViewController.swift */ = {isa = PBXFileReference; lastKnownFileType = sourcecode.swift; path = SignUpViewController.swift; sourceTree = "<group>"; };
		11A9F20F1F943F140034CC7B /* Client.swift */ = {isa = PBXFileReference; lastKnownFileType = sourcecode.swift; path = Client.swift; sourceTree = "<group>"; };
		11C1B3911FA2B44E003BDAF2 /* SanityTests.xctest */ = {isa = PBXFileReference; explicitFileType = wrapper.cfbundle; includeInIndex = 0; path = SanityTests.xctest; sourceTree = BUILT_PRODUCTS_DIR; };
		11C1B3931FA2B44E003BDAF2 /* SanityTests.swift */ = {isa = PBXFileReference; lastKnownFileType = sourcecode.swift; path = SanityTests.swift; sourceTree = "<group>"; };
		11C1B3951FA2B44E003BDAF2 /* Info.plist */ = {isa = PBXFileReference; lastKnownFileType = text.plist.xml; path = Info.plist; sourceTree = "<group>"; };
		2C9E70546F984C2E4390AFA2 /* Pods_Sanity.framework */ = {isa = PBXFileReference; explicitFileType = wrapper.framework; includeInIndex = 0; path = Pods_Sanity.framework; sourceTree = BUILT_PRODUCTS_DIR; };
		34AF9E331F94AFC8005DF644 /* BigBudgetVariables.swift */ = {isa = PBXFileReference; lastKnownFileType = sourcecode.swift; path = BigBudgetVariables.swift; sourceTree = "<group>"; };
		34AF9E381F94B014005DF644 /* MyBigBudget+CoreDataClass.swift */ = {isa = PBXFileReference; lastKnownFileType = sourcecode.swift; path = "MyBigBudget+CoreDataClass.swift"; sourceTree = "<group>"; };
		34AF9E3A1F94B032005DF644 /* MyBigBudget+CoreDataProperties.swift */ = {isa = PBXFileReference; lastKnownFileType = sourcecode.swift; path = "MyBigBudget+CoreDataProperties.swift"; sourceTree = "<group>"; };
		34AF9E3C1F94B06A005DF644 /* BigBudgetListViewController.swift */ = {isa = PBXFileReference; lastKnownFileType = sourcecode.swift; path = BigBudgetListViewController.swift; sourceTree = "<group>"; };
		34BCE20F1FBBE424001F7F20 /* SettingsViewController.swift */ = {isa = PBXFileReference; lastKnownFileType = sourcecode.swift; path = SettingsViewController.swift; sourceTree = "<group>"; };
		34D26AF11FB3105A004B9AC6 /* LocalAuthentication.framework */ = {isa = PBXFileReference; lastKnownFileType = wrapper.framework; name = LocalAuthentication.framework; path = System/Library/Frameworks/LocalAuthentication.framework; sourceTree = SDKROOT; };
		34F232451F95CFB50020E23D /* Charts.xcodeproj */ = {isa = PBXFileReference; lastKnownFileType = "wrapper.pb-project"; name = Charts.xcodeproj; path = Charts/Charts.xcodeproj; sourceTree = "<group>"; };
		41308D2EDFE7B7CA7211F898 /* Pods_SanityTests.framework */ = {isa = PBXFileReference; explicitFileType = wrapper.framework; includeInIndex = 0; path = Pods_SanityTests.framework; sourceTree = BUILT_PRODUCTS_DIR; };
		6101A0CED9029A87A76D5662 /* Pods-Sanity.release.xcconfig */ = {isa = PBXFileReference; includeInIndex = 1; lastKnownFileType = text.xcconfig; name = "Pods-Sanity.release.xcconfig"; path = "Pods/Target Support Files/Pods-Sanity/Pods-Sanity.release.xcconfig"; sourceTree = "<group>"; };
		6987AA430220E7D9550D9609 /* Pods_Pocket_Change.framework */ = {isa = PBXFileReference; explicitFileType = wrapper.framework; includeInIndex = 0; path = Pods_Pocket_Change.framework; sourceTree = BUILT_PRODUCTS_DIR; };
		703EF1DA9E0B13718BB778C5 /* Pods-Pocket Change.debug.xcconfig */ = {isa = PBXFileReference; includeInIndex = 1; lastKnownFileType = text.xcconfig; name = "Pods-Pocket Change.debug.xcconfig"; path = "Pods/Target Support Files/Pods-Pocket Change/Pods-Pocket Change.debug.xcconfig"; sourceTree = "<group>"; };
		8F0F7F4F5510AE26864AF489 /* Pods-Pocket Change.release.xcconfig */ = {isa = PBXFileReference; includeInIndex = 1; lastKnownFileType = text.xcconfig; name = "Pods-Pocket Change.release.xcconfig"; path = "Pods/Target Support Files/Pods-Pocket Change/Pods-Pocket Change.release.xcconfig"; sourceTree = "<group>"; };
		9A0010CD1E0A0887008E7092 /* BudgetListViewController.swift */ = {isa = PBXFileReference; fileEncoding = 4; lastKnownFileType = sourcecode.swift; path = BudgetListViewController.swift; sourceTree = "<group>"; };
		9A0010CF1E0A097D008E7092 /* BudgetVariables.swift */ = {isa = PBXFileReference; fileEncoding = 4; lastKnownFileType = sourcecode.swift; path = BudgetVariables.swift; sourceTree = "<group>"; };
		9A0010DC1E0A27DF008E7092 /* MyBudget+CoreDataClass.swift */ = {isa = PBXFileReference; fileEncoding = 4; lastKnownFileType = sourcecode.swift; name = "MyBudget+CoreDataClass.swift"; path = "../MyBudget+CoreDataClass.swift"; sourceTree = "<group>"; };
		9A0010DD1E0A27DF008E7092 /* MyBudget+CoreDataProperties.swift */ = {isa = PBXFileReference; fileEncoding = 4; lastKnownFileType = sourcecode.swift; name = "MyBudget+CoreDataProperties.swift"; path = "../MyBudget+CoreDataProperties.swift"; sourceTree = "<group>"; };
		9A005ABD1E0D24F10081142A /* BarGraphViewController.swift */ = {isa = PBXFileReference; fileEncoding = 4; lastKnownFileType = sourcecode.swift; path = BarGraphViewController.swift; sourceTree = "<group>"; };
		9A09B7291E0CB96A00D0F4A4 /* Charts.framework */ = {isa = PBXFileReference; explicitFileType = wrapper.framework; path = Charts.framework; sourceTree = BUILT_PRODUCTS_DIR; };
		9A213F0F1E6A7D2D0037C182 /* Google_Maps_Night_Theme.json */ = {isa = PBXFileReference; fileEncoding = 4; lastKnownFileType = text.json; path = Google_Maps_Night_Theme.json; sourceTree = "<group>"; };
		9A27BF271E0A01B100146EEA /* Sanity.app */ = {isa = PBXFileReference; explicitFileType = wrapper.application; includeInIndex = 0; path = Sanity.app; sourceTree = BUILT_PRODUCTS_DIR; };
		9A27BF2A1E0A01B100146EEA /* AppDelegate.swift */ = {isa = PBXFileReference; lastKnownFileType = sourcecode.swift; path = AppDelegate.swift; sourceTree = "<group>"; };
		9A27BF2C1E0A01B100146EEA /* SpendViewController.swift */ = {isa = PBXFileReference; lastKnownFileType = sourcecode.swift; path = SpendViewController.swift; sourceTree = "<group>"; };
		9A27BF341E0A01B100146EEA /* Assets.xcassets */ = {isa = PBXFileReference; lastKnownFileType = folder.assetcatalog; path = Assets.xcassets; sourceTree = "<group>"; };
		9A27BF371E0A01B100146EEA /* Base */ = {isa = PBXFileReference; lastKnownFileType = file.storyboard; name = Base; path = Base.lproj/LaunchScreen.storyboard; sourceTree = "<group>"; };
		9A27BF391E0A01B100146EEA /* Info.plist */ = {isa = PBXFileReference; lastKnownFileType = text.plist.xml; path = Info.plist; sourceTree = "<group>"; };
		9A27BF5B1E0A022A00146EEA /* Main.storyboard */ = {isa = PBXFileReference; fileEncoding = 4; lastKnownFileType = file.storyboard; path = Main.storyboard; sourceTree = "<group>"; };
		9AA4013F1E681F2B006D4D70 /* HistoryAndMapViewController.swift */ = {isa = PBXFileReference; fileEncoding = 4; lastKnownFileType = sourcecode.swift; path = HistoryAndMapViewController.swift; sourceTree = "<group>"; };
		9AA401421E683F95006D4D70 /* Pocket_Change.xcdatamodel */ = {isa = PBXFileReference; lastKnownFileType = wrapper.xcdatamodel; path = Pocket_Change.xcdatamodel; sourceTree = "<group>"; };
		9AAE177F1E0DD41100F98BEB /* PieChartViewController.swift */ = {isa = PBXFileReference; fileEncoding = 4; lastKnownFileType = sourcecode.swift; path = PieChartViewController.swift; sourceTree = "<group>"; };
		9D796A09BE3D823D2C9401FB /* Pods-Sanity.debug.xcconfig */ = {isa = PBXFileReference; includeInIndex = 1; lastKnownFileType = text.xcconfig; name = "Pods-Sanity.debug.xcconfig"; path = "Pods/Target Support Files/Pods-Sanity/Pods-Sanity.debug.xcconfig"; sourceTree = "<group>"; };
		A53133B52797E6C5C293B2E2 /* Pods-SanityTests.debug.xcconfig */ = {isa = PBXFileReference; includeInIndex = 1; lastKnownFileType = text.xcconfig; name = "Pods-SanityTests.debug.xcconfig"; path = "Pods/Target Support Files/Pods-SanityTests/Pods-SanityTests.debug.xcconfig"; sourceTree = "<group>"; };
/* End PBXFileReference section */

/* Begin PBXFrameworksBuildPhase section */
		11C1B38E1FA2B44E003BDAF2 /* Frameworks */ = {
			isa = PBXFrameworksBuildPhase;
			buildActionMask = 2147483647;
			files = (
				F6630F4830AC3FEF38ADC79A /* Pods_SanityTests.framework in Frameworks */,
			);
			runOnlyForDeploymentPostprocessing = 0;
		};
		9A27BF241E0A01B100146EEA /* Frameworks */ = {
			isa = PBXFrameworksBuildPhase;
			buildActionMask = 2147483647;
			files = (
				34D26AF51FB3105A004B9AC6 /* LocalAuthentication.framework in Frameworks */,
				9A09B72A1E0CB96A00D0F4A4 /* Charts.framework in Frameworks */,
				3109394B701A50D4B0D2B3D6 /* Pods_Sanity.framework in Frameworks */,
			);
			runOnlyForDeploymentPostprocessing = 0;
		};
/* End PBXFrameworksBuildPhase section */

/* Begin PBXGroup section */
		11C1B3921FA2B44E003BDAF2 /* SanityTests */ = {
			isa = PBXGroup;
			children = (
				11C1B3931FA2B44E003BDAF2 /* SanityTests.swift */,
				11C1B3951FA2B44E003BDAF2 /* Info.plist */,
			);
			path = SanityTests;
			sourceTree = "<group>";
		};
		34F232461F95CFB50020E23D /* Products */ = {
			isa = PBXGroup;
			children = (
				34F2324C1F95CFB50020E23D /* Charts.framework */,
				34F2324E1F95CFB50020E23D /* ChartsRealm.framework */,
				34F232501F95CFB50020E23D /* ChartsTests.xctest */,
			);
			name = Products;
			sourceTree = "<group>";
		};
		5F66FB100FF091CBE3C4C024 /* Pods */ = {
			isa = PBXGroup;
			children = (
				703EF1DA9E0B13718BB778C5 /* Pods-Pocket Change.debug.xcconfig */,
				8F0F7F4F5510AE26864AF489 /* Pods-Pocket Change.release.xcconfig */,
				9D796A09BE3D823D2C9401FB /* Pods-Sanity.debug.xcconfig */,
				6101A0CED9029A87A76D5662 /* Pods-Sanity.release.xcconfig */,
				A53133B52797E6C5C293B2E2 /* Pods-SanityTests.debug.xcconfig */,
				0DDE4B4B8E5D8F42A9370F08 /* Pods-SanityTests.release.xcconfig */,
			);
			name = Pods;
			sourceTree = "<group>";
		};
		9A27BF1E1E0A01B100146EEA = {
			isa = PBXGroup;
			children = (
				9A09B7291E0CB96A00D0F4A4 /* Charts.framework */,
				9A27BF291E0A01B100146EEA /* Sanity */,
				11C1B3921FA2B44E003BDAF2 /* SanityTests */,
				9A27BF281E0A01B100146EEA /* Products */,
				5F66FB100FF091CBE3C4C024 /* Pods */,
				F282B2119CEA6BD34C6FD349 /* Frameworks */,
			);
			sourceTree = "<group>";
		};
		9A27BF281E0A01B100146EEA /* Products */ = {
			isa = PBXGroup;
			children = (
				9A27BF271E0A01B100146EEA /* Sanity.app */,
				11C1B3911FA2B44E003BDAF2 /* SanityTests.xctest */,
			);
			name = Products;
			sourceTree = "<group>";
		};
		9A27BF291E0A01B100146EEA /* Sanity */ = {
			isa = PBXGroup;
			children = (
				34F232451F95CFB50020E23D /* Charts.xcodeproj */,
				9A27BF2A1E0A01B100146EEA /* AppDelegate.swift */,
				9A0010CF1E0A097D008E7092 /* BudgetVariables.swift */,
				9AAE177F1E0DD41100F98BEB /* PieChartViewController.swift */,
				9A0010CD1E0A0887008E7092 /* BudgetListViewController.swift */,
				9A27BF2C1E0A01B100146EEA /* SpendViewController.swift */,
				9A005ABD1E0D24F10081142A /* BarGraphViewController.swift */,
				9AA4013F1E681F2B006D4D70 /* HistoryAndMapViewController.swift */,
				9A27BF5B1E0A022A00146EEA /* Main.storyboard */,
				9A0010DC1E0A27DF008E7092 /* MyBudget+CoreDataClass.swift */,
				9A0010DD1E0A27DF008E7092 /* MyBudget+CoreDataProperties.swift */,
				9AA401411E683F95006D4D70 /* Pocket_Change.xcdatamodeld */,
				9A27BF341E0A01B100146EEA /* Assets.xcassets */,
				9A27BF361E0A01B100146EEA /* LaunchScreen.storyboard */,
				9A213F0F1E6A7D2D0037C182 /* Google_Maps_Night_Theme.json */,
				11A9F2081F9435A00034CC7B /* LoginViewController.swift */,
				11A9F20D1F9435C90034CC7B /* SignUpViewController.swift */,
				11A9F20F1F943F140034CC7B /* Client.swift */,
				34AF9E331F94AFC8005DF644 /* BigBudgetVariables.swift */,
				34AF9E381F94B014005DF644 /* MyBigBudget+CoreDataClass.swift */,
				34AF9E3A1F94B032005DF644 /* MyBigBudget+CoreDataProperties.swift */,
				34AF9E3C1F94B06A005DF644 /* BigBudgetListViewController.swift */,
				9A27BF391E0A01B100146EEA /* Info.plist */,
				34BCE20F1FBBE424001F7F20 /* SettingsViewController.swift */,
			);
			path = Sanity;
			sourceTree = "<group>";
		};
		F282B2119CEA6BD34C6FD349 /* Frameworks */ = {
			isa = PBXGroup;
			children = (
				34D26AF11FB3105A004B9AC6 /* LocalAuthentication.framework */,
				6987AA430220E7D9550D9609 /* Pods_Pocket_Change.framework */,
				2C9E70546F984C2E4390AFA2 /* Pods_Sanity.framework */,
				41308D2EDFE7B7CA7211F898 /* Pods_SanityTests.framework */,
			);
			name = Frameworks;
			sourceTree = "<group>";
		};
/* End PBXGroup section */

/* Begin PBXNativeTarget section */
		11C1B3901FA2B44E003BDAF2 /* SanityTests */ = {
			isa = PBXNativeTarget;
			buildConfigurationList = 11C1B3981FA2B44E003BDAF2 /* Build configuration list for PBXNativeTarget "SanityTests" */;
			buildPhases = (
				248CCAD7BB5C45EA34D212EC /* [CP] Check Pods Manifest.lock */,
				11C1B38D1FA2B44E003BDAF2 /* Sources */,
				11C1B38E1FA2B44E003BDAF2 /* Frameworks */,
				11C1B38F1FA2B44E003BDAF2 /* Resources */,
				DB75DCD8AA80DBD624E095FC /* [CP] Embed Pods Frameworks */,
				B03BA07863C2536BBDACCB4C /* [CP] Copy Pods Resources */,
			);
			buildRules = (
			);
			dependencies = (
				11C1B3971FA2B44E003BDAF2 /* PBXTargetDependency */,
			);
			name = SanityTests;
			productName = SanityTests;
			productReference = 11C1B3911FA2B44E003BDAF2 /* SanityTests.xctest */;
			productType = "com.apple.product-type.bundle.unit-test";
		};
		9A27BF261E0A01B100146EEA /* Sanity */ = {
			isa = PBXNativeTarget;
			buildConfigurationList = 9A27BF521E0A01B100146EEA /* Build configuration list for PBXNativeTarget "Sanity" */;
			buildPhases = (
				C48D1F0D2606CB4B057E4D1B /* [CP] Check Pods Manifest.lock */,
				9A27BF231E0A01B100146EEA /* Sources */,
				9A27BF241E0A01B100146EEA /* Frameworks */,
				9A27BF251E0A01B100146EEA /* Resources */,
				9A09B72C1E0CB96B00D0F4A4 /* Embed Frameworks */,
				A2D313829B82474B25B0E3B8 /* [CP] Embed Pods Frameworks */,
				39C9ECA117FD938A03EE9B83 /* [CP] Copy Pods Resources */,
			);
			buildRules = (
			);
			dependencies = (
			);
			name = Sanity;
			productName = "Pocket Change";
			productReference = 9A27BF271E0A01B100146EEA /* Sanity.app */;
			productType = "com.apple.product-type.application";
		};
/* End PBXNativeTarget section */

/* Begin PBXProject section */
		9A27BF1F1E0A01B100146EEA /* Project object */ = {
			isa = PBXProject;
			attributes = {
				LastSwiftUpdateCheck = 0900;
				LastUpgradeCheck = 0820;
				ORGANIZATIONNAME = "Aneel Yelamanchili";
				TargetAttributes = {
					11C1B3901FA2B44E003BDAF2 = {
						CreatedOnToolsVersion = 9.0.1;
						ProvisioningStyle = Automatic;
						TestTargetID = 9A27BF261E0A01B100146EEA;
					};
					9A27BF261E0A01B100146EEA = {
						CreatedOnToolsVersion = 8.0;
						ProvisioningStyle = Automatic;
					};
				};
			};
			buildConfigurationList = 9A27BF221E0A01B100146EEA /* Build configuration list for PBXProject "Sanity" */;
			compatibilityVersion = "Xcode 8.0";
			developmentRegion = English;
			hasScannedForEncodings = 0;
			knownRegions = (
				en,
				Base,
			);
			mainGroup = 9A27BF1E1E0A01B100146EEA;
			productRefGroup = 9A27BF281E0A01B100146EEA /* Products */;
			projectDirPath = "";
			projectReferences = (
				{
					ProductGroup = 34F232461F95CFB50020E23D /* Products */;
					ProjectRef = 34F232451F95CFB50020E23D /* Charts.xcodeproj */;
				},
			);
			projectRoot = "";
			targets = (
				9A27BF261E0A01B100146EEA /* Sanity */,
				11C1B3901FA2B44E003BDAF2 /* SanityTests */,
			);
		};
/* End PBXProject section */

/* Begin PBXReferenceProxy section */
		34F2324C1F95CFB50020E23D /* Charts.framework */ = {
			isa = PBXReferenceProxy;
			fileType = wrapper.framework;
			path = Charts.framework;
			remoteRef = 34F2324B1F95CFB50020E23D /* PBXContainerItemProxy */;
			sourceTree = BUILT_PRODUCTS_DIR;
		};
		34F2324E1F95CFB50020E23D /* ChartsRealm.framework */ = {
			isa = PBXReferenceProxy;
			fileType = wrapper.framework;
			path = ChartsRealm.framework;
			remoteRef = 34F2324D1F95CFB50020E23D /* PBXContainerItemProxy */;
			sourceTree = BUILT_PRODUCTS_DIR;
		};
		34F232501F95CFB50020E23D /* ChartsTests.xctest */ = {
			isa = PBXReferenceProxy;
			fileType = wrapper.cfbundle;
			path = ChartsTests.xctest;
			remoteRef = 34F2324F1F95CFB50020E23D /* PBXContainerItemProxy */;
			sourceTree = BUILT_PRODUCTS_DIR;
		};
/* End PBXReferenceProxy section */

/* Begin PBXResourcesBuildPhase section */
		11C1B38F1FA2B44E003BDAF2 /* Resources */ = {
			isa = PBXResourcesBuildPhase;
			buildActionMask = 2147483647;
			files = (
			);
			runOnlyForDeploymentPostprocessing = 0;
		};
		9A27BF251E0A01B100146EEA /* Resources */ = {
			isa = PBXResourcesBuildPhase;
			buildActionMask = 2147483647;
			files = (
				9A213F101E6A7D2D0037C182 /* Google_Maps_Night_Theme.json in Resources */,
				9A27BF381E0A01B100146EEA /* LaunchScreen.storyboard in Resources */,
				9A27BF351E0A01B100146EEA /* Assets.xcassets in Resources */,
				9A27BF5C1E0A022A00146EEA /* Main.storyboard in Resources */,
			);
			runOnlyForDeploymentPostprocessing = 0;
		};
/* End PBXResourcesBuildPhase section */

/* Begin PBXShellScriptBuildPhase section */
		248CCAD7BB5C45EA34D212EC /* [CP] Check Pods Manifest.lock */ = {
			isa = PBXShellScriptBuildPhase;
			buildActionMask = 2147483647;
			files = (
			);
			inputPaths = (
				"${PODS_PODFILE_DIR_PATH}/Podfile.lock",
				"${PODS_ROOT}/Manifest.lock",
			);
			name = "[CP] Check Pods Manifest.lock";
			outputPaths = (
				"$(DERIVED_FILE_DIR)/Pods-SanityTests-checkManifestLockResult.txt",
			);
			runOnlyForDeploymentPostprocessing = 0;
			shellPath = /bin/sh;
			shellScript = "diff \"${PODS_PODFILE_DIR_PATH}/Podfile.lock\" \"${PODS_ROOT}/Manifest.lock\" > /dev/null\nif [ $? != 0 ] ; then\n    # print error to STDERR\n    echo \"error: The sandbox is not in sync with the Podfile.lock. Run 'pod install' or update your CocoaPods installation.\" >&2\n    exit 1\nfi\n# This output is used by Xcode 'outputs' to avoid re-running this script phase.\necho \"SUCCESS\" > \"${SCRIPT_OUTPUT_FILE_0}\"\n";
			showEnvVarsInLog = 0;
		};
		39C9ECA117FD938A03EE9B83 /* [CP] Copy Pods Resources */ = {
			isa = PBXShellScriptBuildPhase;
			buildActionMask = 2147483647;
			files = (
			);
			inputPaths = (
				"${SRCROOT}/Pods/Target Support Files/Pods-Sanity/Pods-Sanity-resources.sh",
				"${PODS_ROOT}/GoogleMaps/Maps/Frameworks/GoogleMaps.framework/Versions/A/Resources/GoogleMaps.bundle",
				"${PODS_ROOT}/GooglePlaces/Frameworks/GooglePlaces.framework/Versions/A/Resources/GooglePlaces.bundle",
			);
			name = "[CP] Copy Pods Resources";
			outputPaths = (
				"${TARGET_BUILD_DIR}/${UNLOCALIZED_RESOURCES_FOLDER_PATH}",
			);
			runOnlyForDeploymentPostprocessing = 0;
			shellPath = /bin/sh;
			shellScript = "\"${SRCROOT}/Pods/Target Support Files/Pods-Sanity/Pods-Sanity-resources.sh\"\n";
			showEnvVarsInLog = 0;
		};
		A2D313829B82474B25B0E3B8 /* [CP] Embed Pods Frameworks */ = {
			isa = PBXShellScriptBuildPhase;
			buildActionMask = 2147483647;
			files = (
			);
			inputPaths = (
				"${SRCROOT}/Pods/Target Support Files/Pods-Sanity/Pods-Sanity-frameworks.sh",
				"${BUILT_PRODUCTS_DIR}/Starscream-iOS10.2/Starscream.framework",
				"${BUILT_PRODUCTS_DIR}/TextFieldEffects-iOS10.2/TextFieldEffects.framework",
			);
			name = "[CP] Embed Pods Frameworks";
			outputPaths = (
				"${TARGET_BUILD_DIR}/${FRAMEWORKS_FOLDER_PATH}/Starscream.framework",
				"${TARGET_BUILD_DIR}/${FRAMEWORKS_FOLDER_PATH}/TextFieldEffects.framework",
			);
			runOnlyForDeploymentPostprocessing = 0;
			shellPath = /bin/sh;
			shellScript = "\"${SRCROOT}/Pods/Target Support Files/Pods-Sanity/Pods-Sanity-frameworks.sh\"\n";
			showEnvVarsInLog = 0;
		};
		B03BA07863C2536BBDACCB4C /* [CP] Copy Pods Resources */ = {
			isa = PBXShellScriptBuildPhase;
			buildActionMask = 2147483647;
			files = (
			);
			inputPaths = (
				"${SRCROOT}/Pods/Target Support Files/Pods-SanityTests/Pods-SanityTests-resources.sh",
				"${PODS_ROOT}/GoogleMaps/Maps/Frameworks/GoogleMaps.framework/Versions/A/Resources/GoogleMaps.bundle",
				"${PODS_ROOT}/GooglePlaces/Frameworks/GooglePlaces.framework/Versions/A/Resources/GooglePlaces.bundle",
			);
			name = "[CP] Copy Pods Resources";
			outputPaths = (
				"${TARGET_BUILD_DIR}/${UNLOCALIZED_RESOURCES_FOLDER_PATH}",
			);
			runOnlyForDeploymentPostprocessing = 0;
			shellPath = /bin/sh;
			shellScript = "\"${SRCROOT}/Pods/Target Support Files/Pods-SanityTests/Pods-SanityTests-resources.sh\"\n";
			showEnvVarsInLog = 0;
		};
		C48D1F0D2606CB4B057E4D1B /* [CP] Check Pods Manifest.lock */ = {
			isa = PBXShellScriptBuildPhase;
			buildActionMask = 2147483647;
			files = (
			);
			inputPaths = (
				"${PODS_PODFILE_DIR_PATH}/Podfile.lock",
				"${PODS_ROOT}/Manifest.lock",
			);
			name = "[CP] Check Pods Manifest.lock";
			outputPaths = (
				"$(DERIVED_FILE_DIR)/Pods-Sanity-checkManifestLockResult.txt",
			);
			runOnlyForDeploymentPostprocessing = 0;
			shellPath = /bin/sh;
			shellScript = "diff \"${PODS_PODFILE_DIR_PATH}/Podfile.lock\" \"${PODS_ROOT}/Manifest.lock\" > /dev/null\nif [ $? != 0 ] ; then\n    # print error to STDERR\n    echo \"error: The sandbox is not in sync with the Podfile.lock. Run 'pod install' or update your CocoaPods installation.\" >&2\n    exit 1\nfi\n# This output is used by Xcode 'outputs' to avoid re-running this script phase.\necho \"SUCCESS\" > \"${SCRIPT_OUTPUT_FILE_0}\"\n";
			showEnvVarsInLog = 0;
		};
		DB75DCD8AA80DBD624E095FC /* [CP] Embed Pods Frameworks */ = {
			isa = PBXShellScriptBuildPhase;
			buildActionMask = 2147483647;
			files = (
			);
			inputPaths = (
				"${SRCROOT}/Pods/Target Support Files/Pods-SanityTests/Pods-SanityTests-frameworks.sh",
				"${BUILT_PRODUCTS_DIR}/Starscream-iOS11.0/Starscream.framework",
				"${BUILT_PRODUCTS_DIR}/TextFieldEffects-iOS11.0/TextFieldEffects.framework",
			);
			name = "[CP] Embed Pods Frameworks";
			outputPaths = (
				"${TARGET_BUILD_DIR}/${FRAMEWORKS_FOLDER_PATH}/Starscream.framework",
				"${TARGET_BUILD_DIR}/${FRAMEWORKS_FOLDER_PATH}/TextFieldEffects.framework",
			);
			runOnlyForDeploymentPostprocessing = 0;
			shellPath = /bin/sh;
			shellScript = "\"${SRCROOT}/Pods/Target Support Files/Pods-SanityTests/Pods-SanityTests-frameworks.sh\"\n";
			showEnvVarsInLog = 0;
		};
/* End PBXShellScriptBuildPhase section */

/* Begin PBXSourcesBuildPhase section */
		11C1B38D1FA2B44E003BDAF2 /* Sources */ = {
			isa = PBXSourcesBuildPhase;
			buildActionMask = 2147483647;
			files = (
				11C1B3941FA2B44E003BDAF2 /* SanityTests.swift in Sources */,
			);
			runOnlyForDeploymentPostprocessing = 0;
		};
		9A27BF231E0A01B100146EEA /* Sources */ = {
			isa = PBXSourcesBuildPhase;
			buildActionMask = 2147483647;
			files = (
				9A0010DF1E0A27DF008E7092 /* MyBudget+CoreDataProperties.swift in Sources */,
				9AA401401E681F2B006D4D70 /* HistoryAndMapViewController.swift in Sources */,
				9A0010DE1E0A27DF008E7092 /* MyBudget+CoreDataClass.swift in Sources */,
				9A27BF2D1E0A01B100146EEA /* SpendViewController.swift in Sources */,
				9AAE17801E0DD41100F98BEB /* PieChartViewController.swift in Sources */,
				9A0010D01E0A097D008E7092 /* BudgetVariables.swift in Sources */,
				11A9F2101F943F140034CC7B /* Client.swift in Sources */,
				11A9F20E1F9435C90034CC7B /* SignUpViewController.swift in Sources */,
				9A27BF2B1E0A01B100146EEA /* AppDelegate.swift in Sources */,
				9A0010CE1E0A0887008E7092 /* BudgetListViewController.swift in Sources */,
				9AA401431E683F95006D4D70 /* Pocket_Change.xcdatamodeld in Sources */,
				34AF9E341F94AFC8005DF644 /* BigBudgetVariables.swift in Sources */,
				9A005ABE1E0D24F10081142A /* BarGraphViewController.swift in Sources */,
				34AF9E3B1F94B032005DF644 /* MyBigBudget+CoreDataProperties.swift in Sources */,
				34AF9E3D1F94B06A005DF644 /* BigBudgetListViewController.swift in Sources */,
				34AF9E391F94B014005DF644 /* MyBigBudget+CoreDataClass.swift in Sources */,
				11A9F2091F9435A00034CC7B /* LoginViewController.swift in Sources */,
				34BCE2101FBBE424001F7F20 /* SettingsViewController.swift in Sources */,
			);
			runOnlyForDeploymentPostprocessing = 0;
		};
/* End PBXSourcesBuildPhase section */

/* Begin PBXTargetDependency section */
		11C1B3971FA2B44E003BDAF2 /* PBXTargetDependency */ = {
			isa = PBXTargetDependency;
			target = 9A27BF261E0A01B100146EEA /* Sanity */;
			targetProxy = 11C1B3961FA2B44E003BDAF2 /* PBXContainerItemProxy */;
		};
/* End PBXTargetDependency section */

/* Begin PBXVariantGroup section */
		9A27BF361E0A01B100146EEA /* LaunchScreen.storyboard */ = {
			isa = PBXVariantGroup;
			children = (
				9A27BF371E0A01B100146EEA /* Base */,
			);
			name = LaunchScreen.storyboard;
			sourceTree = "<group>";
		};
/* End PBXVariantGroup section */

/* Begin XCBuildConfiguration section */
		11C1B3991FA2B44E003BDAF2 /* Debug */ = {
			isa = XCBuildConfiguration;
			baseConfigurationReference = A53133B52797E6C5C293B2E2 /* Pods-SanityTests.debug.xcconfig */;
			buildSettings = {
				BUNDLE_LOADER = "$(TEST_HOST)";
				CLANG_ANALYZER_NUMBER_OBJECT_CONVERSION = YES_AGGRESSIVE;
				CLANG_CXX_LANGUAGE_STANDARD = "gnu++14";
				CLANG_WARN_BLOCK_CAPTURE_AUTORELEASING = YES;
				CLANG_WARN_COMMA = YES;
				CLANG_WARN_NON_LITERAL_NULL_CONVERSION = YES;
				CLANG_WARN_OBJC_LITERAL_CONVERSION = YES;
				CLANG_WARN_RANGE_LOOP_ANALYSIS = YES;
				CLANG_WARN_STRICT_PROTOTYPES = YES;
				CLANG_WARN_UNGUARDED_AVAILABILITY = YES_AGGRESSIVE;
				CODE_SIGN_IDENTITY = "iPhone Developer";
				CODE_SIGN_STYLE = Automatic;
				DEVELOPMENT_TEAM = MS7GBK46MH;
				GCC_C_LANGUAGE_STANDARD = gnu11;
				INFOPLIST_FILE = SanityTests/Info.plist;
				IPHONEOS_DEPLOYMENT_TARGET = 11.0;
				LD_RUNPATH_SEARCH_PATHS = "$(inherited) @executable_path/Frameworks @loader_path/Frameworks";
				PRODUCT_BUNDLE_IDENTIFIER = aneel.SanityTests;
				PRODUCT_NAME = "$(TARGET_NAME)";
				SWIFT_VERSION = 4.0;
				TARGETED_DEVICE_FAMILY = "1,2";
				TEST_HOST = "$(BUILT_PRODUCTS_DIR)/Sanity.app/Sanity";
			};
			name = Debug;
		};
		11C1B39A1FA2B44E003BDAF2 /* Release */ = {
			isa = XCBuildConfiguration;
			baseConfigurationReference = 0DDE4B4B8E5D8F42A9370F08 /* Pods-SanityTests.release.xcconfig */;
			buildSettings = {
				BUNDLE_LOADER = "$(TEST_HOST)";
				CLANG_ANALYZER_NUMBER_OBJECT_CONVERSION = YES_AGGRESSIVE;
				CLANG_CXX_LANGUAGE_STANDARD = "gnu++14";
				CLANG_WARN_BLOCK_CAPTURE_AUTORELEASING = YES;
				CLANG_WARN_COMMA = YES;
				CLANG_WARN_NON_LITERAL_NULL_CONVERSION = YES;
				CLANG_WARN_OBJC_LITERAL_CONVERSION = YES;
				CLANG_WARN_RANGE_LOOP_ANALYSIS = YES;
				CLANG_WARN_STRICT_PROTOTYPES = YES;
				CLANG_WARN_UNGUARDED_AVAILABILITY = YES_AGGRESSIVE;
				CODE_SIGN_IDENTITY = "iPhone Developer";
				CODE_SIGN_STYLE = Automatic;
				DEVELOPMENT_TEAM = MS7GBK46MH;
				GCC_C_LANGUAGE_STANDARD = gnu11;
				INFOPLIST_FILE = SanityTests/Info.plist;
				IPHONEOS_DEPLOYMENT_TARGET = 11.0;
				LD_RUNPATH_SEARCH_PATHS = "$(inherited) @executable_path/Frameworks @loader_path/Frameworks";
				PRODUCT_BUNDLE_IDENTIFIER = aneel.SanityTests;
				PRODUCT_NAME = "$(TARGET_NAME)";
				SWIFT_VERSION = 4.0;
				TARGETED_DEVICE_FAMILY = "1,2";
				TEST_HOST = "$(BUILT_PRODUCTS_DIR)/Sanity.app/Sanity";
			};
			name = Release;
		};
		9A27BF501E0A01B100146EEA /* Debug */ = {
			isa = XCBuildConfiguration;
			buildSettings = {
				ALWAYS_SEARCH_USER_PATHS = NO;
				CLANG_ANALYZER_NONNULL = YES;
				CLANG_CXX_LANGUAGE_STANDARD = "gnu++0x";
				CLANG_CXX_LIBRARY = "libc++";
				CLANG_ENABLE_MODULES = YES;
				CLANG_ENABLE_OBJC_ARC = YES;
				CLANG_WARN_BOOL_CONVERSION = YES;
				CLANG_WARN_CONSTANT_CONVERSION = YES;
				CLANG_WARN_DIRECT_OBJC_ISA_USAGE = YES_ERROR;
				CLANG_WARN_DOCUMENTATION_COMMENTS = YES;
				CLANG_WARN_EMPTY_BODY = YES;
				CLANG_WARN_ENUM_CONVERSION = YES;
				CLANG_WARN_INFINITE_RECURSION = YES;
				CLANG_WARN_INT_CONVERSION = YES;
				CLANG_WARN_OBJC_ROOT_CLASS = YES_ERROR;
				CLANG_WARN_SUSPICIOUS_MOVE = YES;
				CLANG_WARN_SUSPICIOUS_MOVES = YES;
				CLANG_WARN_UNREACHABLE_CODE = YES;
				CLANG_WARN__DUPLICATE_METHOD_MATCH = YES;
				"CODE_SIGN_IDENTITY[sdk=iphoneos*]" = "iPhone Developer";
				COPY_PHASE_STRIP = NO;
				DEBUG_INFORMATION_FORMAT = dwarf;
				ENABLE_STRICT_OBJC_MSGSEND = YES;
				ENABLE_TESTABILITY = YES;
				GCC_C_LANGUAGE_STANDARD = gnu99;
				GCC_DYNAMIC_NO_PIC = NO;
				GCC_NO_COMMON_BLOCKS = YES;
				GCC_OPTIMIZATION_LEVEL = 0;
				GCC_PREPROCESSOR_DEFINITIONS = (
					"DEBUG=1",
					"$(inherited)",
				);
				GCC_WARN_64_TO_32_BIT_CONVERSION = YES;
				GCC_WARN_ABOUT_RETURN_TYPE = YES_ERROR;
				GCC_WARN_UNDECLARED_SELECTOR = YES;
				GCC_WARN_UNINITIALIZED_AUTOS = YES_AGGRESSIVE;
				GCC_WARN_UNUSED_FUNCTION = YES;
				GCC_WARN_UNUSED_VARIABLE = YES;
				IPHONEOS_DEPLOYMENT_TARGET = 10.0;
				MTL_ENABLE_DEBUG_INFO = YES;
				ONLY_ACTIVE_ARCH = YES;
				SDKROOT = iphoneos;
				SWIFT_ACTIVE_COMPILATION_CONDITIONS = DEBUG;
				SWIFT_OPTIMIZATION_LEVEL = "-Onone";
				TARGETED_DEVICE_FAMILY = "1,2";
			};
			name = Debug;
		};
		9A27BF511E0A01B100146EEA /* Release */ = {
			isa = XCBuildConfiguration;
			buildSettings = {
				ALWAYS_SEARCH_USER_PATHS = NO;
				CLANG_ANALYZER_NONNULL = YES;
				CLANG_CXX_LANGUAGE_STANDARD = "gnu++0x";
				CLANG_CXX_LIBRARY = "libc++";
				CLANG_ENABLE_MODULES = YES;
				CLANG_ENABLE_OBJC_ARC = YES;
				CLANG_WARN_BOOL_CONVERSION = YES;
				CLANG_WARN_CONSTANT_CONVERSION = YES;
				CLANG_WARN_DIRECT_OBJC_ISA_USAGE = YES_ERROR;
				CLANG_WARN_DOCUMENTATION_COMMENTS = YES;
				CLANG_WARN_EMPTY_BODY = YES;
				CLANG_WARN_ENUM_CONVERSION = YES;
				CLANG_WARN_INFINITE_RECURSION = YES;
				CLANG_WARN_INT_CONVERSION = YES;
				CLANG_WARN_OBJC_ROOT_CLASS = YES_ERROR;
				CLANG_WARN_SUSPICIOUS_MOVE = YES;
				CLANG_WARN_SUSPICIOUS_MOVES = YES;
				CLANG_WARN_UNREACHABLE_CODE = YES;
				CLANG_WARN__DUPLICATE_METHOD_MATCH = YES;
				"CODE_SIGN_IDENTITY[sdk=iphoneos*]" = "iPhone Developer";
				COPY_PHASE_STRIP = NO;
				DEBUG_INFORMATION_FORMAT = "dwarf-with-dsym";
				ENABLE_NS_ASSERTIONS = NO;
				ENABLE_STRICT_OBJC_MSGSEND = YES;
				GCC_C_LANGUAGE_STANDARD = gnu99;
				GCC_NO_COMMON_BLOCKS = YES;
				GCC_WARN_64_TO_32_BIT_CONVERSION = YES;
				GCC_WARN_ABOUT_RETURN_TYPE = YES_ERROR;
				GCC_WARN_UNDECLARED_SELECTOR = YES;
				GCC_WARN_UNINITIALIZED_AUTOS = YES_AGGRESSIVE;
				GCC_WARN_UNUSED_FUNCTION = YES;
				GCC_WARN_UNUSED_VARIABLE = YES;
				IPHONEOS_DEPLOYMENT_TARGET = 10.0;
				MTL_ENABLE_DEBUG_INFO = NO;
				SDKROOT = iphoneos;
				SWIFT_OPTIMIZATION_LEVEL = "-Owholemodule";
				TARGETED_DEVICE_FAMILY = "1,2";
				VALIDATE_PRODUCT = YES;
			};
			name = Release;
		};
		9A27BF531E0A01B100146EEA /* Debug */ = {
			isa = XCBuildConfiguration;
			baseConfigurationReference = 9D796A09BE3D823D2C9401FB /* Pods-Sanity.debug.xcconfig */;
			buildSettings = {
				ASSETCATALOG_COMPILER_APPICON_NAME = AppIcon;
				DEVELOPMENT_TEAM = MS7GBK46MH;
				INFOPLIST_FILE = Sanity/Info.plist;
				IPHONEOS_DEPLOYMENT_TARGET = 11.0;
				LD_RUNPATH_SEARCH_PATHS = "$(inherited) @executable_path/Frameworks";
				PRODUCT_BUNDLE_IDENTIFIER = brehh.sanity;
				PRODUCT_NAME = "$(TARGET_NAME)";
				SWIFT_OPTIMIZATION_LEVEL = "-O";
				SWIFT_VERSION = 3.0;
			};
			name = Debug;
		};
		9A27BF541E0A01B100146EEA /* Release */ = {
			isa = XCBuildConfiguration;
			baseConfigurationReference = 6101A0CED9029A87A76D5662 /* Pods-Sanity.release.xcconfig */;
			buildSettings = {
				ASSETCATALOG_COMPILER_APPICON_NAME = AppIcon;
				DEVELOPMENT_TEAM = MS7GBK46MH;
				INFOPLIST_FILE = Sanity/Info.plist;
				IPHONEOS_DEPLOYMENT_TARGET = 11.0;
				LD_RUNPATH_SEARCH_PATHS = "$(inherited) @executable_path/Frameworks";
				PRODUCT_BUNDLE_IDENTIFIER = brehh.sanity;
				PRODUCT_NAME = "$(TARGET_NAME)";
				SWIFT_OPTIMIZATION_LEVEL = "-Owholemodule";
				SWIFT_VERSION = 3.0;
			};
			name = Release;
		};
/* End XCBuildConfiguration section */

/* Begin XCConfigurationList section */
		11C1B3981FA2B44E003BDAF2 /* Build configuration list for PBXNativeTarget "SanityTests" */ = {
			isa = XCConfigurationList;
			buildConfigurations = (
				11C1B3991FA2B44E003BDAF2 /* Debug */,
				11C1B39A1FA2B44E003BDAF2 /* Release */,
			);
			defaultConfigurationIsVisible = 0;
			defaultConfigurationName = Release;
		};
		9A27BF221E0A01B100146EEA /* Build configuration list for PBXProject "Sanity" */ = {
			isa = XCConfigurationList;
			buildConfigurations = (
				9A27BF501E0A01B100146EEA /* Debug */,
				9A27BF511E0A01B100146EEA /* Release */,
			);
			defaultConfigurationIsVisible = 0;
			defaultConfigurationName = Release;
		};
		9A27BF521E0A01B100146EEA /* Build configuration list for PBXNativeTarget "Sanity" */ = {
			isa = XCConfigurationList;
			buildConfigurations = (
				9A27BF531E0A01B100146EEA /* Debug */,
				9A27BF541E0A01B100146EEA /* Release */,
			);
			defaultConfigurationIsVisible = 0;
			defaultConfigurationName = Release;
		};
/* End XCConfigurationList section */

/* Begin XCVersionGroup section */
		9AA401411E683F95006D4D70 /* Pocket_Change.xcdatamodeld */ = {
			isa = XCVersionGroup;
			children = (
				9AA401421E683F95006D4D70 /* Pocket_Change.xcdatamodel */,
			);
			currentVersion = 9AA401421E683F95006D4D70 /* Pocket_Change.xcdatamodel */;
			path = Pocket_Change.xcdatamodeld;
			sourceTree = "<group>";
			versionGroupType = wrapper.xcdatamodel;
		};
/* End XCVersionGroup section */
	};
	rootObject = 9A27BF1F1E0A01B100146EEA /* Project object */;
}
